
Microsoft Visual Studio Solution File, Format Version 12.00
# Visual Studio 15
VisualStudioVersion = 15.0.28307.572
MinimumVisualStudioVersion = 10.0.40219.1
Project("{FAE04EC0-301F-11D3-BF4B-00C04F79EFBC}") = "SRP", "SRP\SRP.csproj", "{B8FC24D9-F760-4840-9082-CB28EA755894}"
EndProject
Global
	GlobalSection(SolutionConfigurationPlatforms) = preSolution
		Debug|Any CPU = Debug|Any CPU
		Release|Any CPU = Release|Any CPU
	EndGlobalSection
	GlobalSection(ProjectConfigurationPlatforms) = postSolution
		{B8FC24D9-F760-4840-9082-CB28EA755894}.Debug|Any CPU.ActiveCfg = Debug|Any CPU
		{B8FC24D9-F760-4840-9082-CB28EA755894}.Debug|Any CPU.Build.0 = Debug|Any CPU
		{B8FC24D9-F760-4840-9082-CB28EA755894}.Release|Any CPU.ActiveCfg = Release|Any CPU
		{B8FC24D9-F760-4840-9082-CB28EA755894}.Release|Any CPU.Build.0 = Release|Any CPU
	EndGlobalSection
	GlobalSection(SolutionProperties) = preSolution
		HideSolutionNode = FALSE
	EndGlobalSection
	GlobalSection(ExtensibilityGlobals) = postSolution
		SolutionGuid = {33AAAF13-1246-4A44-90BF-46DE4AD1ACA3}
	EndGlobalSection
EndGlobal
